
Microsoft Visual Studio Solution File, Format Version 12.00
# Visual Studio Version 16
VisualStudioVersion = 16.0.30621.155
MinimumVisualStudioVersion = 10.0.40219.1
Project("{FAE04EC0-301F-11D3-BF4B-00C04F79EFBC}") = "01-HelloWorld", "01-HelloWorld\01-HelloWorld.csproj", "{1B92521A-3416-4939-AF5D-E656EC9CB6DA}"
EndProject
Project("{FAE04EC0-301F-11D3-BF4B-00C04F79EFBC}") = "02-variables", "02-variables\02-variables.csproj", "{F9855924-EB96-4D79-A361-00D6D84F6C34}"
EndProject
Project("{FAE04EC0-301F-11D3-BF4B-00C04F79EFBC}") = "03-Types", "03-Types\03-Types.csproj", "{A02789FD-E44B-4EFF-8D48-A8B66DFC5C1F}"
EndProject
Project("{FAE04EC0-301F-11D3-BF4B-00C04F79EFBC}") = "03-Types-Challenges", "03-Types-Challenges\03-Types-Challenges.csproj", "{B9D038FC-6D54-43D7-9EB4-9556635BF9B0}"
EndProject
Project("{FAE04EC0-301F-11D3-BF4B-00C04F79EFBC}") = "04-Operators", "04-Operators\04-Operators.csproj", "{C6E557CE-33AB-4A83-A1DB-079CEFD5D478}"
EndProject
Project("{FAE04EC0-301F-11D3-BF4B-00C04F79EFBC}") = "05-Strings", "05-Strings\05-Strings.csproj", "{8402B4A1-A88F-4E19-A181-1556683CAA23}"
EndProject
Project("{FAE04EC0-301F-11D3-BF4B-00C04F79EFBC}") = "06-Booleans", "06-Booleans\06-Booleans.csproj", "{948A4212-BC6B-4CA0-A928-7DF410B1B508}"
EndProject
Project("{FAE04EC0-301F-11D3-BF4B-00C04F79EFBC}") = "06-Boolean-Challenges", "06-Boolean-Challenges\06-Boolean-Challenges.csproj", "{F12A0480-648E-4328-BAAE-7807A3EBF941}"
EndProject
Project("{FAE04EC0-301F-11D3-BF4B-00C04F79EFBC}") = "07-Conditionals-Switch", "07-Conditionals-Switch\07-Conditionals-Switch.csproj", "{3426B0DB-A1B6-46DA-B442-FB5B0674D088}"
EndProject
Project("{FAE04EC0-301F-11D3-BF4B-00C04F79EFBC}") = "07-Conditionals-If-Else", "07-Conditionals-If-Else\07-Conditionals-If-Else.csproj", "{A5D3C012-9E55-4E3A-B6CA-2C4ADF39EDD9}"
EndProject
Project("{FAE04EC0-301F-11D3-BF4B-00C04F79EFBC}") = "07-Conditionals-Ternary-Expressions", "07-Conditionals-Ternary-Expressions\07-Conditionals-Ternary-Expressions.csproj", "{4BC74000-137A-4C67-80A7-0226E182B5FB}"
EndProject
Project("{FAE04EC0-301F-11D3-BF4B-00C04F79EFBC}") = "08-Numbers", "08-Numbers\08-Numbers.csproj", "{D52150D2-A792-40DC-82F6-33CC93B57213}"
EndProject
Project("{FAE04EC0-301F-11D3-BF4B-00C04F79EFBC}") = "09-Loops", "09-Loops\09-Loops.csproj", "{791649F9-9080-47BC-A7F8-245156168D92}"
EndProject
Project("{FAE04EC0-301F-11D3-BF4B-00C04F79EFBC}") = "09-Loops-Challenges", "09-Loops-Challenges\09-Loops-Challenges.csproj", "{A00E8AA8-A5CB-4836-B384-173B9F9F0B3A}"
EndProject
Project("{FAE04EC0-301F-11D3-BF4B-00C04F79EFBC}") = "10-Classes-And-Objects", "10-Classes-And-Objects\10-Classes-And-Objects.csproj", "{A940F749-57AB-4C5E-882E-2D49F4163C5F}"
EndProject
Global
	GlobalSection(SolutionConfigurationPlatforms) = preSolution
		Debug|Any CPU = Debug|Any CPU
		Release|Any CPU = Release|Any CPU
	EndGlobalSection
	GlobalSection(ProjectConfigurationPlatforms) = postSolution
		{1B92521A-3416-4939-AF5D-E656EC9CB6DA}.Debug|Any CPU.ActiveCfg = Debug|Any CPU
		{1B92521A-3416-4939-AF5D-E656EC9CB6DA}.Debug|Any CPU.Build.0 = Debug|Any CPU
		{1B92521A-3416-4939-AF5D-E656EC9CB6DA}.Release|Any CPU.ActiveCfg = Release|Any CPU
		{1B92521A-3416-4939-AF5D-E656EC9CB6DA}.Release|Any CPU.Build.0 = Release|Any CPU
		{F9855924-EB96-4D79-A361-00D6D84F6C34}.Debug|Any CPU.ActiveCfg = Debug|Any CPU
		{F9855924-EB96-4D79-A361-00D6D84F6C34}.Debug|Any CPU.Build.0 = Debug|Any CPU
		{F9855924-EB96-4D79-A361-00D6D84F6C34}.Release|Any CPU.ActiveCfg = Release|Any CPU
		{F9855924-EB96-4D79-A361-00D6D84F6C34}.Release|Any CPU.Build.0 = Release|Any CPU
		{A02789FD-E44B-4EFF-8D48-A8B66DFC5C1F}.Debug|Any CPU.ActiveCfg = Debug|Any CPU
		{A02789FD-E44B-4EFF-8D48-A8B66DFC5C1F}.Debug|Any CPU.Build.0 = Debug|Any CPU
		{A02789FD-E44B-4EFF-8D48-A8B66DFC5C1F}.Release|Any CPU.ActiveCfg = Release|Any CPU
		{A02789FD-E44B-4EFF-8D48-A8B66DFC5C1F}.Release|Any CPU.Build.0 = Release|Any CPU
		{B9D038FC-6D54-43D7-9EB4-9556635BF9B0}.Debug|Any CPU.ActiveCfg = Debug|Any CPU
		{B9D038FC-6D54-43D7-9EB4-9556635BF9B0}.Debug|Any CPU.Build.0 = Debug|Any CPU
		{B9D038FC-6D54-43D7-9EB4-9556635BF9B0}.Release|Any CPU.ActiveCfg = Release|Any CPU
		{B9D038FC-6D54-43D7-9EB4-9556635BF9B0}.Release|Any CPU.Build.0 = Release|Any CPU
		{C6E557CE-33AB-4A83-A1DB-079CEFD5D478}.Debug|Any CPU.ActiveCfg = Debug|Any CPU
		{C6E557CE-33AB-4A83-A1DB-079CEFD5D478}.Debug|Any CPU.Build.0 = Debug|Any CPU
		{C6E557CE-33AB-4A83-A1DB-079CEFD5D478}.Release|Any CPU.ActiveCfg = Release|Any CPU
		{C6E557CE-33AB-4A83-A1DB-079CEFD5D478}.Release|Any CPU.Build.0 = Release|Any CPU
		{8402B4A1-A88F-4E19-A181-1556683CAA23}.Debug|Any CPU.ActiveCfg = Debug|Any CPU
		{8402B4A1-A88F-4E19-A181-1556683CAA23}.Debug|Any CPU.Build.0 = Debug|Any CPU
		{8402B4A1-A88F-4E19-A181-1556683CAA23}.Release|Any CPU.ActiveCfg = Release|Any CPU
		{8402B4A1-A88F-4E19-A181-1556683CAA23}.Release|Any CPU.Build.0 = Release|Any CPU
		{948A4212-BC6B-4CA0-A928-7DF410B1B508}.Debug|Any CPU.ActiveCfg = Debug|Any CPU
		{948A4212-BC6B-4CA0-A928-7DF410B1B508}.Debug|Any CPU.Build.0 = Debug|Any CPU
		{948A4212-BC6B-4CA0-A928-7DF410B1B508}.Release|Any CPU.ActiveCfg = Release|Any CPU
		{948A4212-BC6B-4CA0-A928-7DF410B1B508}.Release|Any CPU.Build.0 = Release|Any CPU
		{F12A0480-648E-4328-BAAE-7807A3EBF941}.Debug|Any CPU.ActiveCfg = Debug|Any CPU
		{F12A0480-648E-4328-BAAE-7807A3EBF941}.Debug|Any CPU.Build.0 = Debug|Any CPU
		{F12A0480-648E-4328-BAAE-7807A3EBF941}.Release|Any CPU.ActiveCfg = Release|Any CPU
		{F12A0480-648E-4328-BAAE-7807A3EBF941}.Release|Any CPU.Build.0 = Release|Any CPU
		{3426B0DB-A1B6-46DA-B442-FB5B0674D088}.Debug|Any CPU.ActiveCfg = Debug|Any CPU
		{3426B0DB-A1B6-46DA-B442-FB5B0674D088}.Debug|Any CPU.Build.0 = Debug|Any CPU
		{3426B0DB-A1B6-46DA-B442-FB5B0674D088}.Release|Any CPU.ActiveCfg = Release|Any CPU
		{3426B0DB-A1B6-46DA-B442-FB5B0674D088}.Release|Any CPU.Build.0 = Release|Any CPU
		{A5D3C012-9E55-4E3A-B6CA-2C4ADF39EDD9}.Debug|Any CPU.ActiveCfg = Debug|Any CPU
		{A5D3C012-9E55-4E3A-B6CA-2C4ADF39EDD9}.Debug|Any CPU.Build.0 = Debug|Any CPU
		{A5D3C012-9E55-4E3A-B6CA-2C4ADF39EDD9}.Release|Any CPU.ActiveCfg = Release|Any CPU
		{A5D3C012-9E55-4E3A-B6CA-2C4ADF39EDD9}.Release|Any CPU.Build.0 = Release|Any CPU
		{4BC74000-137A-4C67-80A7-0226E182B5FB}.Debug|Any CPU.ActiveCfg = Debug|Any CPU
		{4BC74000-137A-4C67-80A7-0226E182B5FB}.Debug|Any CPU.Build.0 = Debug|Any CPU
		{4BC74000-137A-4C67-80A7-0226E182B5FB}.Release|Any CPU.ActiveCfg = Release|Any CPU
		{4BC74000-137A-4C67-80A7-0226E182B5FB}.Release|Any CPU.Build.0 = Release|Any CPU
		{D52150D2-A792-40DC-82F6-33CC93B57213}.Debug|Any CPU.ActiveCfg = Debug|Any CPU
		{D52150D2-A792-40DC-82F6-33CC93B57213}.Debug|Any CPU.Build.0 = Debug|Any CPU
		{D52150D2-A792-40DC-82F6-33CC93B57213}.Release|Any CPU.ActiveCfg = Release|Any CPU
		{D52150D2-A792-40DC-82F6-33CC93B57213}.Release|Any CPU.Build.0 = Release|Any CPU
		{791649F9-9080-47BC-A7F8-245156168D92}.Debug|Any CPU.ActiveCfg = Debug|Any CPU
		{791649F9-9080-47BC-A7F8-245156168D92}.Debug|Any CPU.Build.0 = Debug|Any CPU
		{791649F9-9080-47BC-A7F8-245156168D92}.Release|Any CPU.ActiveCfg = Release|Any CPU
		{791649F9-9080-47BC-A7F8-245156168D92}.Release|Any CPU.Build.0 = Release|Any CPU
		{A00E8AA8-A5CB-4836-B384-173B9F9F0B3A}.Debug|Any CPU.ActiveCfg = Debug|Any CPU
		{A00E8AA8-A5CB-4836-B384-173B9F9F0B3A}.Debug|Any CPU.Build.0 = Debug|Any CPU
		{A00E8AA8-A5CB-4836-B384-173B9F9F0B3A}.Release|Any CPU.ActiveCfg = Release|Any CPU
		{A00E8AA8-A5CB-4836-B384-173B9F9F0B3A}.Release|Any CPU.Build.0 = Release|Any CPU
		{A940F749-57AB-4C5E-882E-2D49F4163C5F}.Debug|Any CPU.ActiveCfg = Debug|Any CPU
		{A940F749-57AB-4C5E-882E-2D49F4163C5F}.Debug|Any CPU.Build.0 = Debug|Any CPU
		{A940F749-57AB-4C5E-882E-2D49F4163C5F}.Release|Any CPU.ActiveCfg = Release|Any CPU
		{A940F749-57AB-4C5E-882E-2D49F4163C5F}.Release|Any CPU.Build.0 = Release|Any CPU
	EndGlobalSection
	GlobalSection(SolutionProperties) = preSolution
		HideSolutionNode = FALSE
	EndGlobalSection
	GlobalSection(ExtensibilityGlobals) = postSolution
		SolutionGuid = {2F5FFA7B-53FB-4D77-BABD-CED6C38D7D5B}
	EndGlobalSection
EndGlobal
